
Microsoft Visual Studio Solution File, Format Version 12.00
# Visual Studio Version 17
VisualStudioVersion = 17.0.31903.59
MinimumVisualStudioVersion = 10.0.40219.1
Project("{9A19103F-16F7-4668-BE54-9A1E7A4F7556}") = "RevitMate.Core", "RevitMate.Core\RevitMate.Core.csproj", "{A1B2C3D4-E5F6-4789-ABCD-1234567890A1}"
EndProject
Project("{9A19103F-16F7-4668-BE54-9A1E7A4F7556}") = "RevitMate.Addin", "RevitMate.Addin\RevitMate.Addin.csproj", "{B2C3D4E5-F607-4891-BCDE-2345678901B2}"
EndProject
Project("{9A19103F-16F7-4668-BE54-9A1E7A4F7556}") = "RevitMate.ConsoleTest", "RevitMate.ConsoleTest\RevitMate.ConsoleTest.csproj", "{C3D4E5F6-0718-4923-CDEF-3456789012C3}"
EndProject
Project("{9A19103F-16F7-4668-BE54-9A1E7A4F7556}") = "RevitMate.Resources", "RevitMate.Resources\RevitMate.Resources.csproj", "{D4E5F607-1829-4034-DEF0-4567890123D4}"
EndProject
Global
	GlobalSection(SolutionConfigurationPlatforms) = preSolution
		Debug|Any CPU = Debug|Any CPU
		Release|Any CPU = Release|Any CPU
	EndGlobalSection
	GlobalSection(ProjectConfigurationPlatforms) = postSolution
		{A1B2C3D4-E5F6-4789-ABCD-1234567890A1}.Debug|Any CPU.ActiveCfg = Debug|Any CPU
		{A1B2C3D4-E5F6-4789-ABCD-1234567890A1}.Debug|Any CPU.Build.0 = Debug|Any CPU
		{A1B2C3D4-E5F6-4789-ABCD-1234567890A1}.Release|Any CPU.ActiveCfg = Release|Any CPU
		{A1B2C3D4-E5F6-4789-ABCD-1234567890A1}.Release|Any CPU.Build.0 = Release|Any CPU
		{B2C3D4E5-F607-4891-BCDE-2345678901B2}.Debug|Any CPU.ActiveCfg = Debug|Any CPU
		{B2C3D4E5-F607-4891-BCDE-2345678901B2}.Debug|Any CPU.Build.0 = Debug|Any CPU
		{B2C3D4E5-F607-4891-BCDE-2345678901B2}.Release|Any CPU.ActiveCfg = Release|Any CPU
		{B2C3D4E5-F607-4891-BCDE-2345678901B2}.Release|Any CPU.Build.0 = Release|Any CPU
		{C3D4E5F6-0718-4923-CDEF-3456789012C3}.Debug|Any CPU.ActiveCfg = Debug|Any CPU
		{C3D4E5F6-0718-4923-CDEF-3456789012C3}.Debug|Any CPU.Build.0 = Debug|Any CPU
		{C3D4E5F6-0718-4923-CDEF-3456789012C3}.Release|Any CPU.ActiveCfg = Release|Any CPU
		{C3D4E5F6-0718-4923-CDEF-3456789012C3}.Release|Any CPU.Build.0 = Release|Any CPU
		{D4E5F607-1829-4034-DEF0-4567890123D4}.Debug|Any CPU.ActiveCfg = Debug|Any CPU
		{D4E5F607-1829-4034-DEF0-4567890123D4}.Debug|Any CPU.Build.0 = Debug|Any CPU
		{D4E5F607-1829-4034-DEF0-4567890123D4}.Release|Any CPU.ActiveCfg = Release|Any CPU
		{D4E5F607-1829-4034-DEF0-4567890123D4}.Release|Any CPU.Build.0 = Release|Any CPU
	EndGlobalSection
	GlobalSection(SolutionProperties) = preSolution
		HideSolutionNode = FALSE
	EndGlobalSection
EndGlobal
